// !$*UTF8*$!
{
	archiveVersion = 1;
	classes = {
	};
	objectVersion = 51;
	objects = {

/* Begin PBXBuildFile section */
		8B99201F230D0E4A0030D0EB /* AppDelegate.swift in Sources */ = {isa = PBXBuildFile; fileRef = 8B99201E230D0E4A0030D0EB /* AppDelegate.swift */; };
		8B992021230D0E4A0030D0EB /* StudentsEntryView.swift in Sources */ = {isa = PBXBuildFile; fileRef = 8B992020230D0E4A0030D0EB /* StudentsEntryView.swift */; };
		8B992024230D0E4A0030D0EB /* Main.storyboard in Resources */ = {isa = PBXBuildFile; fileRef = 8B992022230D0E4A0030D0EB /* Main.storyboard */; };
		8B992027230D0E4A0030D0EB /* StudentsDetailsApp.xcdatamodeld in Sources */ = {isa = PBXBuildFile; fileRef = 8B992025230D0E4A0030D0EB /* StudentsDetailsApp.xcdatamodeld */; };
		8B992029230D0E4B0030D0EB /* Assets.xcassets in Resources */ = {isa = PBXBuildFile; fileRef = 8B992028230D0E4B0030D0EB /* Assets.xcassets */; };
		8B99202C230D0E4B0030D0EB /* LaunchScreen.storyboard in Resources */ = {isa = PBXBuildFile; fileRef = 8B99202A230D0E4B0030D0EB /* LaunchScreen.storyboard */; };
		8B992038230D12B70030D0EB /* GoogleService-Info.plist in Resources */ = {isa = PBXBuildFile; fileRef = 8B992037230D12B70030D0EB /* GoogleService-Info.plist */; };
		8BF423C7230F1A2900882FA3 /* StudentsListTableViewController.swift in Sources */ = {isa = PBXBuildFile; fileRef = 8BF423C6230F1A2900882FA3 /* StudentsListTableViewController.swift */; };
		8BF423C9230F1D3A00882FA3 /* AddStudentsViewController.swift in Sources */ = {isa = PBXBuildFile; fileRef = 8BF423C8230F1D3A00882FA3 /* AddStudentsViewController.swift */; };
		FA1A683C9B965BB3E0C95A3F /* Pods_StudentsDetailsApp.framework in Frameworks */ = {isa = PBXBuildFile; fileRef = 5910C269648D42D6CC1D9F37 /* Pods_StudentsDetailsApp.framework */; };
/* End PBXBuildFile section */

/* Begin PBXFileReference section */
		443A839D3D0271C9B0C19467 /* Pods-StudentsDetailsApp.debug.xcconfig */ = {isa = PBXFileReference; includeInIndex = 1; lastKnownFileType = text.xcconfig; name = "Pods-StudentsDetailsApp.debug.xcconfig"; path = "Target Support Files/Pods-StudentsDetailsApp/Pods-StudentsDetailsApp.debug.xcconfig"; sourceTree = "<group>"; };
		5910C269648D42D6CC1D9F37 /* Pods_StudentsDetailsApp.framework */ = {isa = PBXFileReference; explicitFileType = wrapper.framework; includeInIndex = 0; path = Pods_StudentsDetailsApp.framework; sourceTree = BUILT_PRODUCTS_DIR; };
		8B99201B230D0E4A0030D0EB /* StudentsDetailsApp.app */ = {isa = PBXFileReference; explicitFileType = wrapper.application; includeInIndex = 0; path = StudentsDetailsApp.app; sourceTree = BUILT_PRODUCTS_DIR; };
		8B99201E230D0E4A0030D0EB /* AppDelegate.swift */ = {isa = PBXFileReference; lastKnownFileType = sourcecode.swift; path = AppDelegate.swift; sourceTree = "<group>"; };
		8B992020230D0E4A0030D0EB /* StudentsEntryView.swift */ = {isa = PBXFileReference; lastKnownFileType = sourcecode.swift; path = StudentsEntryView.swift; sourceTree = "<group>"; };
		8B992023230D0E4A0030D0EB /* Base */ = {isa = PBXFileReference; lastKnownFileType = file.storyboard; name = Base; path = Base.lproj/Main.storyboard; sourceTree = "<group>"; };
		8B992026230D0E4A0030D0EB /* StudentsDetailsApp.xcdatamodel */ = {isa = PBXFileReference; lastKnownFileType = wrapper.xcdatamodel; path = StudentsDetailsApp.xcdatamodel; sourceTree = "<group>"; };
		8B992028230D0E4B0030D0EB /* Assets.xcassets */ = {isa = PBXFileReference; lastKnownFileType = folder.assetcatalog; path = Assets.xcassets; sourceTree = "<group>"; };
		8B99202B230D0E4B0030D0EB /* Base */ = {isa = PBXFileReference; lastKnownFileType = file.storyboard; name = Base; path = Base.lproj/LaunchScreen.storyboard; sourceTree = "<group>"; };
		8B99202D230D0E4B0030D0EB /* Info.plist */ = {isa = PBXFileReference; lastKnownFileType = text.plist.xml; path = Info.plist; sourceTree = "<group>"; };
		8B992037230D12B70030D0EB /* GoogleService-Info.plist */ = {isa = PBXFileReference; fileEncoding = 4; lastKnownFileType = text.plist.xml; path = "GoogleService-Info.plist"; sourceTree = "<group>"; };
		8BF423C6230F1A2900882FA3 /* StudentsListTableViewController.swift */ = {isa = PBXFileReference; lastKnownFileType = sourcecode.swift; path = StudentsListTableViewController.swift; sourceTree = "<group>"; };
		8BF423C8230F1D3A00882FA3 /* AddStudentsViewController.swift */ = {isa = PBXFileReference; lastKnownFileType = sourcecode.swift; path = AddStudentsViewController.swift; sourceTree = "<group>"; };
		E744392308B182636B74149F /* Pods-StudentsDetailsApp.release.xcconfig */ = {isa = PBXFileReference; includeInIndex = 1; lastKnownFileType = text.xcconfig; name = "Pods-StudentsDetailsApp.release.xcconfig"; path = "Target Support Files/Pods-StudentsDetailsApp/Pods-StudentsDetailsApp.release.xcconfig"; sourceTree = "<group>"; };
/* End PBXFileReference section */

/* Begin PBXFrameworksBuildPhase section */
		8B992018230D0E490030D0EB /* Frameworks */ = {
			isa = PBXFrameworksBuildPhase;
			buildActionMask = 2147483647;
			files = (
				FA1A683C9B965BB3E0C95A3F /* Pods_StudentsDetailsApp.framework in Frameworks */,
			);
			runOnlyForDeploymentPostprocessing = 0;
		};
/* End PBXFrameworksBuildPhase section */

/* Begin PBXGroup section */
		4D605BCA337CC54A8C755DE7 /* Pods */ = {
			isa = PBXGroup;
			children = (
				443A839D3D0271C9B0C19467 /* Pods-StudentsDetailsApp.debug.xcconfig */,
				E744392308B182636B74149F /* Pods-StudentsDetailsApp.release.xcconfig */,
			);
			path = Pods;
			sourceTree = "<group>";
		};
		8B992012230D0E490030D0EB = {
			isa = PBXGroup;
			children = (
				8B99201D230D0E4A0030D0EB /* StudentsDetailsApp */,
				8B99201C230D0E4A0030D0EB /* Products */,
				4D605BCA337CC54A8C755DE7 /* Pods */,
				E052423B39FD4E28FC0055B4 /* Frameworks */,
			);
			sourceTree = "<group>";
		};
		8B99201C230D0E4A0030D0EB /* Products */ = {
			isa = PBXGroup;
			children = (
				8B99201B230D0E4A0030D0EB /* StudentsDetailsApp.app */,
			);
			name = Products;
			sourceTree = "<group>";
		};
		8B99201D230D0E4A0030D0EB /* StudentsDetailsApp */ = {
			isa = PBXGroup;
			children = (
				8B992036230D10A50030D0EB /* Model */,
				8B992035230D0E9D0030D0EB /* View */,
				8B992034230D0E840030D0EB /* Controller */,
				8B992033230D0E700030D0EB /* Supporting Files */,
			);
			path = StudentsDetailsApp;
			sourceTree = "<group>";
		};
		8B992033230D0E700030D0EB /* Supporting Files */ = {
			isa = PBXGroup;
			children = (
				8B99202D230D0E4B0030D0EB /* Info.plist */,
				8B992037230D12B70030D0EB /* GoogleService-Info.plist */,
				8B99202A230D0E4B0030D0EB /* LaunchScreen.storyboard */,
			);
			path = "Supporting Files";
			sourceTree = "<group>";
		};
		8B992034230D0E840030D0EB /* Controller */ = {
			isa = PBXGroup;
			children = (
				8B992028230D0E4B0030D0EB /* Assets.xcassets */,
				8B992022230D0E4A0030D0EB /* Main.storyboard */,
			);
			path = Controller;
			sourceTree = "<group>";
		};
		8B992035230D0E9D0030D0EB /* View */ = {
			isa = PBXGroup;
			children = (
				8B99201E230D0E4A0030D0EB /* AppDelegate.swift */,
				8B992020230D0E4A0030D0EB /* StudentsEntryView.swift */,
				8BF423C6230F1A2900882FA3 /* StudentsListTableViewController.swift */,
				8BF423C8230F1D3A00882FA3 /* AddStudentsViewController.swift */,
			);
			path = View;
			sourceTree = "<group>";
		};
		8B992036230D10A50030D0EB /* Model */ = {
			isa = PBXGroup;
			children = (
				8B992025230D0E4A0030D0EB /* StudentsDetailsApp.xcdatamodeld */,
			);
			path = Model;
			sourceTree = "<group>";
		};
		E052423B39FD4E28FC0055B4 /* Frameworks */ = {
			isa = PBXGroup;
			children = (
				5910C269648D42D6CC1D9F37 /* Pods_StudentsDetailsApp.framework */,
			);
			name = Frameworks;
			sourceTree = "<group>";
		};
/* End PBXGroup section */

/* Begin PBXNativeTarget section */
		8B99201A230D0E490030D0EB /* StudentsDetailsApp */ = {
			isa = PBXNativeTarget;
			buildConfigurationList = 8B992030230D0E4B0030D0EB /* Build configuration list for PBXNativeTarget "StudentsDetailsApp" */;
			buildPhases = (
				4153BBA5CC2CFD6B37182419 /* [CP] Check Pods Manifest.lock */,
				8B992017230D0E490030D0EB /* Sources */,
				8B992018230D0E490030D0EB /* Frameworks */,
				8B992019230D0E490030D0EB /* Resources */,
				F6C769B8D34F89CE95263156 /* [CP] Embed Pods Frameworks */,
			);
			buildRules = (
			);
			dependencies = (
			);
			name = StudentsDetailsApp;
			productName = StudentsDetailsApp;
			productReference = 8B99201B230D0E4A0030D0EB /* StudentsDetailsApp.app */;
			productType = "com.apple.product-type.application";
		};
/* End PBXNativeTarget section */

/* Begin PBXProject section */
		8B992013230D0E490030D0EB /* Project object */ = {
			isa = PBXProject;
			attributes = {
				LastSwiftUpdateCheck = 1020;
				LastUpgradeCheck = 1020;
				ORGANIZATIONNAME = "Chitra Hari";
				TargetAttributes = {
					8B99201A230D0E490030D0EB = {
						CreatedOnToolsVersion = 10.2;
					};
				};
			};
			buildConfigurationList = 8B992016230D0E490030D0EB /* Build configuration list for PBXProject "StudentsDetailsApp" */;
			compatibilityVersion = "Xcode 9.3";
			developmentRegion = en;
			hasScannedForEncodings = 0;
			knownRegions = (
				en,
				Base,
			);
			mainGroup = 8B992012230D0E490030D0EB;
			productRefGroup = 8B99201C230D0E4A0030D0EB /* Products */;
			projectDirPath = "";
			projectRoot = "";
			targets = (
				8B99201A230D0E490030D0EB /* StudentsDetailsApp */,
			);
		};
/* End PBXProject section */

/* Begin PBXResourcesBuildPhase section */
		8B992019230D0E490030D0EB /* Resources */ = {
			isa = PBXResourcesBuildPhase;
			buildActionMask = 2147483647;
			files = (
				8B99202C230D0E4B0030D0EB /* LaunchScreen.storyboard in Resources */,
				8B992029230D0E4B0030D0EB /* Assets.xcassets in Resources */,
				8B992038230D12B70030D0EB /* GoogleService-Info.plist in Resources */,
				8B992024230D0E4A0030D0EB /* Main.storyboard in Resources */,
			);
			runOnlyForDeploymentPostprocessing = 0;
		};
/* End PBXResourcesBuildPhase section */

/* Begin PBXShellScriptBuildPhase section */
		4153BBA5CC2CFD6B37182419 /* [CP] Check Pods Manifest.lock */ = {
			isa = PBXShellScriptBuildPhase;
			buildActionMask = 2147483647;
			files = (
			);
			inputFileListPaths = (
			);
			inputPaths = (
				"${PODS_PODFILE_DIR_PATH}/Podfile.lock",
				"${PODS_ROOT}/Manifest.lock",
			);
			name = "[CP] Check Pods Manifest.lock";
			outputFileListPaths = (
			);
			outputPaths = (
				"$(DERIVED_FILE_DIR)/Pods-StudentsDetailsApp-checkManifestLockResult.txt",
			);
			runOnlyForDeploymentPostprocessing = 0;
			shellPath = /bin/sh;
			shellScript = "diff \"${PODS_PODFILE_DIR_PATH}/Podfile.lock\" \"${PODS_ROOT}/Manifest.lock\" > /dev/null\nif [ $? != 0 ] ; then\n    # print error to STDERR\n    echo \"error: The sandbox is not in sync with the Podfile.lock. Run 'pod install' or update your CocoaPods installation.\" >&2\n    exit 1\nfi\n# This output is used by Xcode 'outputs' to avoid re-running this script phase.\necho \"SUCCESS\" > \"${SCRIPT_OUTPUT_FILE_0}\"\n";
			showEnvVarsInLog = 0;
		};
		F6C769B8D34F89CE95263156 /* [CP] Embed Pods Frameworks */ = {
			isa = PBXShellScriptBuildPhase;
			buildActionMask = 2147483647;
			files = (
			);
			inputFileListPaths = (
				"${PODS_ROOT}/Target Support Files/Pods-StudentsDetailsApp/Pods-StudentsDetailsApp-frameworks-${CONFIGURATION}-input-files.xcfilelist",
			);
			name = "[CP] Embed Pods Frameworks";
			outputFileListPaths = (
				"${PODS_ROOT}/Target Support Files/Pods-StudentsDetailsApp/Pods-StudentsDetailsApp-frameworks-${CONFIGURATION}-output-files.xcfilelist",
			);
			runOnlyForDeploymentPostprocessing = 0;
			shellPath = /bin/sh;
			shellScript = "\"${PODS_ROOT}/Target Support Files/Pods-StudentsDetailsApp/Pods-StudentsDetailsApp-frameworks.sh\"\n";
			showEnvVarsInLog = 0;
		};
/* End PBXShellScriptBuildPhase section */

/* Begin PBXSourcesBuildPhase section */
		8B992017230D0E490030D0EB /* Sources */ = {
			isa = PBXSourcesBuildPhase;
			buildActionMask = 2147483647;
			files = (
				8BF423C9230F1D3A00882FA3 /* AddStudentsViewController.swift in Sources */,
				8B992021230D0E4A0030D0EB /* StudentsEntryView.swift in Sources */,
				8BF423C7230F1A2900882FA3 /* StudentsListTableViewController.swift in Sources */,
				8B99201F230D0E4A0030D0EB /* AppDelegate.swift in Sources */,
				8B992027230D0E4A0030D0EB /* StudentsDetailsApp.xcdatamodeld in Sources */,
			);
			runOnlyForDeploymentPostprocessing = 0;
		};
/* End PBXSourcesBuildPhase section */

/* Begin PBXVariantGroup section */
		8B992022230D0E4A0030D0EB /* Main.storyboard */ = {
			isa = PBXVariantGroup;
			children = (
				8B992023230D0E4A0030D0EB /* Base */,
			);
			name = Main.storyboard;
			sourceTree = "<group>";
		};
		8B99202A230D0E4B0030D0EB /* LaunchScreen.storyboard */ = {
			isa = PBXVariantGroup;
			children = (
				8B99202B230D0E4B0030D0EB /* Base */,
			);
			name = LaunchScreen.storyboard;
			sourceTree = "<group>";
		};
/* End PBXVariantGroup section */

/* Begin XCBuildConfiguration section */
		8B99202E230D0E4B0030D0EB /* Debug */ = {
			isa = XCBuildConfiguration;
			buildSettings = {
				ALWAYS_SEARCH_USER_PATHS = NO;
				CLANG_ANALYZER_NONNULL = YES;
				CLANG_ANALYZER_NUMBER_OBJECT_CONVERSION = YES_AGGRESSIVE;
				CLANG_CXX_LANGUAGE_STANDARD = "gnu++14";
				CLANG_CXX_LIBRARY = "libc++";
				CLANG_ENABLE_MODULES = YES;
				CLANG_ENABLE_OBJC_ARC = YES;
				CLANG_ENABLE_OBJC_WEAK = YES;
				CLANG_WARN_BLOCK_CAPTURE_AUTORELEASING = YES;
				CLANG_WARN_BOOL_CONVERSION = YES;
				CLANG_WARN_COMMA = YES;
				CLANG_WARN_CONSTANT_CONVERSION = YES;
				CLANG_WARN_DEPRECATED_OBJC_IMPLEMENTATIONS = YES;
				CLANG_WARN_DIRECT_OBJC_ISA_USAGE = YES_ERROR;
				CLANG_WARN_DOCUMENTATION_COMMENTS = YES;
				CLANG_WARN_EMPTY_BODY = YES;
				CLANG_WARN_ENUM_CONVERSION = YES;
				CLANG_WARN_INFINITE_RECURSION = YES;
				CLANG_WARN_INT_CONVERSION = YES;
				CLANG_WARN_NON_LITERAL_NULL_CONVERSION = YES;
				CLANG_WARN_OBJC_IMPLICIT_RETAIN_SELF = YES;
				CLANG_WARN_OBJC_LITERAL_CONVERSION = YES;
				CLANG_WARN_OBJC_ROOT_CLASS = YES_ERROR;
				CLANG_WARN_RANGE_LOOP_ANALYSIS = YES;
				CLANG_WARN_STRICT_PROTOTYPES = YES;
				CLANG_WARN_SUSPICIOUS_MOVE = YES;
				CLANG_WARN_UNGUARDED_AVAILABILITY = YES_AGGRESSIVE;
				CLANG_WARN_UNREACHABLE_CODE = YES;
				CLANG_WARN__DUPLICATE_METHOD_MATCH = YES;
				CODE_SIGN_IDENTITY = "iPhone Developer";
				COPY_PHASE_STRIP = NO;
				DEBUG_INFORMATION_FORMAT = dwarf;
				ENABLE_STRICT_OBJC_MSGSEND = YES;
				ENABLE_TESTABILITY = YES;
				GCC_C_LANGUAGE_STANDARD = gnu11;
				GCC_DYNAMIC_NO_PIC = NO;
				GCC_NO_COMMON_BLOCKS = YES;
				GCC_OPTIMIZATION_LEVEL = 0;
				GCC_PREPROCESSOR_DEFINITIONS = (
					"DEBUG=1",
					"$(inherited)",
				);
				GCC_WARN_64_TO_32_BIT_CONVERSION = YES;
				GCC_WARN_ABOUT_RETURN_TYPE = YES_ERROR;
				GCC_WARN_UNDECLARED_SELECTOR = YES;
				GCC_WARN_UNINITIALIZED_AUTOS = YES_AGGRESSIVE;
				GCC_WARN_UNUSED_FUNCTION = YES;
				GCC_WARN_UNUSED_VARIABLE = YES;
				IPHONEOS_DEPLOYMENT_TARGET = 12.2;
				MTL_ENABLE_DEBUG_INFO = INCLUDE_SOURCE;
				MTL_FAST_MATH = YES;
				ONLY_ACTIVE_ARCH = YES;
				SDKROOT = iphoneos;
				SWIFT_ACTIVE_COMPILATION_CONDITIONS = DEBUG;
				SWIFT_OPTIMIZATION_LEVEL = "-Onone";
			};
			name = Debug;
		};
		8B99202F230D0E4B0030D0EB /* Release */ = {
			isa = XCBuildConfiguration;
			buildSettings = {
				ALWAYS_SEARCH_USER_PATHS = NO;
				CLANG_ANALYZER_NONNULL = YES;
				CLANG_ANALYZER_NUMBER_OBJECT_CONVERSION = YES_AGGRESSIVE;
				CLANG_CXX_LANGUAGE_STANDARD = "gnu++14";
				CLANG_CXX_LIBRARY = "libc++";
				CLANG_ENABLE_MODULES = YES;
				CLANG_ENABLE_OBJC_ARC = YES;
				CLANG_ENABLE_OBJC_WEAK = YES;
				CLANG_WARN_BLOCK_CAPTURE_AUTORELEASING = YES;
				CLANG_WARN_BOOL_CONVERSION = YES;
				CLANG_WARN_COMMA = YES;
				CLANG_WARN_CONSTANT_CONVERSION = YES;
				CLANG_WARN_DEPRECATED_OBJC_IMPLEMENTATIONS = YES;
				CLANG_WARN_DIRECT_OBJC_ISA_USAGE = YES_ERROR;
				CLANG_WARN_DOCUMENTATION_COMMENTS = YES;
				CLANG_WARN_EMPTY_BODY = YES;
				CLANG_WARN_ENUM_CONVERSION = YES;
				CLANG_WARN_INFINITE_RECURSION = YES;
				CLANG_WARN_INT_CONVERSION = YES;
				CLANG_WARN_NON_LITERAL_NULL_CONVERSION = YES;
				CLANG_WARN_OBJC_IMPLICIT_RETAIN_SELF = YES;
				CLANG_WARN_OBJC_LITERAL_CONVERSION = YES;
				CLANG_WARN_OBJC_ROOT_CLASS = YES_ERROR;
				CLANG_WARN_RANGE_LOOP_ANALYSIS = YES;
				CLANG_WARN_STRICT_PROTOTYPES = YES;
				CLANG_WARN_SUSPICIOUS_MOVE = YES;
				CLANG_WARN_UNGUARDED_AVAILABILITY = YES_AGGRESSIVE;
				CLANG_WARN_UNREACHABLE_CODE = YES;
				CLANG_WARN__DUPLICATE_METHOD_MATCH = YES;
				CODE_SIGN_IDENTITY = "iPhone Developer";
				COPY_PHASE_STRIP = NO;
				DEBUG_INFORMATION_FORMAT = "dwarf-with-dsym";
				ENABLE_NS_ASSERTIONS = NO;
				ENABLE_STRICT_OBJC_MSGSEND = YES;
				GCC_C_LANGUAGE_STANDARD = gnu11;
				GCC_NO_COMMON_BLOCKS = YES;
				GCC_WARN_64_TO_32_BIT_CONVERSION = YES;
				GCC_WARN_ABOUT_RETURN_TYPE = YES_ERROR;
				GCC_WARN_UNDECLARED_SELECTOR = YES;
				GCC_WARN_UNINITIALIZED_AUTOS = YES_AGGRESSIVE;
				GCC_WARN_UNUSED_FUNCTION = YES;
				GCC_WARN_UNUSED_VARIABLE = YES;
				IPHONEOS_DEPLOYMENT_TARGET = 12.2;
				MTL_ENABLE_DEBUG_INFO = NO;
				MTL_FAST_MATH = YES;
				SDKROOT = iphoneos;
				SWIFT_COMPILATION_MODE = wholemodule;
				SWIFT_OPTIMIZATION_LEVEL = "-O";
				VALIDATE_PRODUCT = YES;
			};
			name = Release;
		};
		8B992031230D0E4B0030D0EB /* Debug */ = {
			isa = XCBuildConfiguration;
			baseConfigurationReference = 443A839D3D0271C9B0C19467 /* Pods-StudentsDetailsApp.debug.xcconfig */;
			buildSettings = {
				ASSETCATALOG_COMPILER_APPICON_NAME = AppIcon;
				CODE_SIGN_STYLE = Automatic;
				DEVELOPMENT_TEAM = XQSD7HHY9T;
				INFOPLIST_FILE = "$(SRCROOT)/StudentsDetailsApp/Supporting Files/Info.plist";
				LD_RUNPATH_SEARCH_PATHS = (
					"$(inherited)",
					"@executable_path/Frameworks",
				);
				PRODUCT_BUNDLE_IDENTIFIER = "chitra-Hari.StudentsDetailsApp";
				PRODUCT_NAME = "$(TARGET_NAME)";
				SWIFT_VERSION = 5.0;
				TARGETED_DEVICE_FAMILY = "1,2";
			};
			name = Debug;
		};
		8B992032230D0E4B0030D0EB /* Release */ = {
			isa = XCBuildConfiguration;
			baseConfigurationReference = E744392308B182636B74149F /* Pods-StudentsDetailsApp.release.xcconfig */;
			buildSettings = {
				ASSETCATALOG_COMPILER_APPICON_NAME = AppIcon;
				CODE_SIGN_STYLE = Automatic;
				DEVELOPMENT_TEAM = XQSD7HHY9T;
				INFOPLIST_FILE = "$(SRCROOT)/StudentsDetailsApp/Supporting Files/Info.plist";
				LD_RUNPATH_SEARCH_PATHS = (
					"$(inherited)",
					"@executable_path/Frameworks",
				);
				PRODUCT_BUNDLE_IDENTIFIER = "chitra-Hari.StudentsDetailsApp";
				PRODUCT_NAME = "$(TARGET_NAME)";
				SWIFT_VERSION = 5.0;
				TARGETED_DEVICE_FAMILY = "1,2";
			};
			name = Release;
		};
/* End XCBuildConfiguration section */

/* Begin XCConfigurationList section */
		8B992016230D0E490030D0EB /* Build configuration list for PBXProject "StudentsDetailsApp" */ = {
			isa = XCConfigurationList;
			buildConfigurations = (
				8B99202E230D0E4B0030D0EB /* Debug */,
				8B99202F230D0E4B0030D0EB /* Release */,
			);
			defaultConfigurationIsVisible = 0;
			defaultConfigurationName = Release;
		};
		8B992030230D0E4B0030D0EB /* Build configuration list for PBXNativeTarget "StudentsDetailsApp" */ = {
			isa = XCConfigurationList;
			buildConfigurations = (
				8B992031230D0E4B0030D0EB /* Debug */,
				8B992032230D0E4B0030D0EB /* Release */,
			);
			defaultConfigurationIsVisible = 0;
			defaultConfigurationName = Release;
		};
/* End XCConfigurationList section */

/* Begin XCVersionGroup section */
		8B992025230D0E4A0030D0EB /* StudentsDetailsApp.xcdatamodeld */ = {
			isa = XCVersionGroup;
			children = (
				8B992026230D0E4A0030D0EB /* StudentsDetailsApp.xcdatamodel */,
			);
			currentVersion = 8B992026230D0E4A0030D0EB /* StudentsDetailsApp.xcdatamodel */;
			path = StudentsDetailsApp.xcdatamodeld;
			sourceTree = "<group>";
			versionGroupType = wrapper.xcdatamodel;
		};
/* End XCVersionGroup section */
	};
	rootObject = 8B992013230D0E490030D0EB /* Project object */;
}
